<?xml version="1.0" encoding="UTF-8"?>
<CONFIG>
  <ProjectOptions>
    <Version Value="9"/>
    <General>
      <Flags>
        <SaveClosedFiles Value="False"/>
      </Flags>
      <MainUnit Value="0"/>
      <ResourceType Value="res"/>
      <UseXPManifest Value="True"/>
      <Icon Value="0"/>
      <ActiveWindowIndexAtStart Value="0"/>
    </General>
    <i18n>
      <EnableI18N LFM="False"/>
    </i18n>
    <VersionInfo>
      <StringTable ProductVersion=""/>
    </VersionInfo>
    <BuildModes Count="1" Active="Default">
      <Item1 Name="Default" Default="True"/>
    </BuildModes>
    <PublishOptions>
      <Version Value="2"/>
      <IncludeFileFilter Value="*.(pas|pp|inc|lfm|lpr|lrs|lpi|lpk|sh|xml)"/>
      <ExcludeFileFilter Value="*.(bak|ppu|o|so);*~;backup"/>
    </PublishOptions>
    <RunParams>
      <local>
        <FormatVersion Value="1"/>
      </local>
    </RunParams>
    <RequiredPackages Count="5">
      <Item1>
        <PackageName Value="rx_sort_sqldb"/>
      </Item1>
      <Item2>
        <PackageName Value="rxnew"/>
      </Item2>
      <Item3>
        <PackageName Value="FCL"/>
        <MinVersion Major="1" Valid="True"/>
      </Item3>
      <Item4>
        <PackageName Value="SQLDBLaz"/>
        <MinVersion Major="1" Release="1" Valid="True"/>
      </Item4>
      <Item5>
        <PackageName Value="LCL"/>
      </Item5>
    </RequiredPackages>
    <Units Count="3">
      <Unit0>
        <Filename Value="clinic.lpr"/>
        <IsPartOfProject Value="True"/>
        <UnitName Value="clinic"/>
        <WindowIndex Value="0"/>
        <TopLine Value="1"/>
        <CursorPos X="23" Y="17"/>
        <UsageCount Value="65"/>
      </Unit0>
      <Unit1>
        <Filename Value="src/core/dbcore.pas"/>
        <IsPartOfProject Value="True"/>
        <ComponentName Value="CoreDataModule"/>
        <HasResources Value="True"/>
        <ResourceBaseClass Value="DataModule"/>
        <UnitName Value="dbCore"/>
        <EditorIndex Value="1"/>
        <WindowIndex Value="0"/>
        <TopLine Value="1"/>
        <CursorPos X="47" Y="10"/>
        <UsageCount Value="64"/>
        <Loaded Value="True"/>
        <LoadedDesigner Value="True"/>
      </Unit1>
      <Unit2>
        <Filename Value="src/interface/patientslist.pas"/>
        <IsPartOfProject Value="True"/>
        <ComponentName Value="PatientsListForm"/>
        <HasResources Value="True"/>
        <ResourceBaseClass Value="Form"/>
        <UnitName Value="patientsList"/>
        <IsVisibleTab Value="True"/>
        <EditorIndex Value="0"/>
        <WindowIndex Value="0"/>
        <TopLine Value="5"/>
        <CursorPos X="40" Y="10"/>
        <UsageCount Value="64"/>
        <Loaded Value="True"/>
        <LoadedDesigner Value="True"/>
      </Unit2>
    </Units>
    <JumpHistory Count="21" HistoryIndex="20">
      <Position1>
        <Filename Value="src/interface/patientslist.pas"/>
        <Caret Line="15" Column="49" TopLine="1"/>
      </Position1>
      <Position2>
        <Filename Value="src/interface/patientslist.pas"/>
        <Caret Line="1" Column="54" TopLine="1"/>
      </Position2>
      <Position3>
        <Filename Value="src/interface/patientslist.pas"/>
        <Caret Line="12" Column="33" TopLine="1"/>
      </Position3>
      <Position4>
        <Filename Value="src/interface/patientslist.pas"/>
        <Caret Line="22" Column="22" TopLine="1"/>
      </Position4>
      <Position5>
        <Filename Value="src/interface/patientslist.pas"/>
        <Caret Line="23" Column="22" TopLine="1"/>
      </Position5>
      <Position6>
        <Filename Value="src/interface/patientslist.pas"/>
        <Caret Line="22" Column="22" TopLine="1"/>
      </Position6>
      <Position7>
        <Filename Value="src/interface/patientslist.pas"/>
        <Caret Line="24" Column="22" TopLine="1"/>
      </Position7>
      <Position8>
        <Filename Value="src/interface/patientslist.pas"/>
        <Caret Line="44" Column="10" TopLine="8"/>
      </Position8>
      <Position9>
        <Filename Value="src/interface/patientslist.pas"/>
        <Caret Line="42" Column="20" TopLine="8"/>
      </Position9>
      <Position10>
        <Filename Value="src/interface/patientslist.pas"/>
        <Caret Line="10" Column="30" TopLine="1"/>
      </Position10>
      <Position11>
        <Filename Value="src/interface/patientslist.pas"/>
        <Caret Line="18" Column="30" TopLine="18"/>
      </Position11>
      <Position12>
        <Filename Value="src/core/dbcore.pas"/>
        <Caret Line="11" Column="19" TopLine="1"/>
      </Position12>
      <Position13>
        <Filename Value="src/core/dbcore.pas"/>
        <Caret Line="8" Column="26" TopLine="1"/>
      </Position13>
      <Position14>
        <Filename Value="src/interface/patientslist.pas"/>
        <Caret Line="24" Column="64" TopLine="18"/>
      </Position14>
      <Position15>
        <Filename Value="src/interface/patientslist.pas"/>
        <Caret Line="23" Column="64" TopLine="16"/>
      </Position15>
      <Position16>
        <Filename Value="src/interface/patientslist.pas"/>
        <Caret Line="24" Column="64" TopLine="16"/>
      </Position16>
      <Position17>
        <Filename Value="src/interface/patientslist.pas"/>
        <Caret Line="27" Column="64" TopLine="16"/>
      </Position17>
      <Position18>
        <Filename Value="src/interface/patientslist.pas"/>
        <Caret Line="50" Column="5" TopLine="20"/>
      </Position18>
      <Position19>
        <Filename Value="src/interface/patientslist.pas"/>
        <Caret Line="22" Column="45" TopLine="5"/>
      </Position19>
      <Position20>
        <Filename Value="src/interface/patientslist.pas"/>
        <Caret Line="18" Column="74" TopLine="6"/>
      </Position20>
      <Position21>
        <Filename Value="src/interface/patientslist.pas"/>
        <Caret Line="34" Column="12" TopLine="17"/>
      </Position21>
    </JumpHistory>
  </ProjectOptions>
  <CompilerOptions>
    <Version Value="11"/>
    <Target>
      <Filename Value="build/clinic"/>
    </Target>
    <SearchPaths>
      <IncludeFiles Value="$(ProjOutDir)"/>
      <OtherUnitFiles Value="src/core;src/interface"/>
      <UnitOutputDirectory Value="out/lib/$(TargetCPU)-$(TargetOS)"/>
    </SearchPaths>
    <CodeGeneration>
      <Checks>
        <IOChecks Value="True"/>
        <RangeChecks Value="True"/>
        <OverflowChecks Value="True"/>
        <StackChecks Value="True"/>
      </Checks>
    </CodeGeneration>
    <Linking>
      <Options>
        <Win32>
          <GraphicApplication Value="True"/>
        </Win32>
      </Options>
    </Linking>
    <Other>
      <CompilerMessages>
        <UseMsgFile Value="True"/>
      </CompilerMessages>
      <CompilerPath Value="$(CompPath)"/>
    </Other>
  </CompilerOptions>
  <Debugging>
    <Exceptions Count="3">
      <Item1>
        <Name Value="EAbort"/>
      </Item1>
      <Item2>
        <Name Value="ECodetoolError"/>
      </Item2>
      <Item3>
        <Name Value="EFOpenError"/>
      </Item3>
    </Exceptions>
  </Debugging>
  <EditorMacros Count="0"/>
</CONFIG>
